
Microsoft Visual Studio Solution File, Format Version 12.00
# Visual Studio Version 17
VisualStudioVersion = 17.5.33502.453
MinimumVisualStudioVersion = 10.0.40219.1
Project("{FAE04EC0-301F-11D3-BF4B-00C04F79EFBC}") = "u20463368_HW01", "u20463368_HW01\u20463368_HW01.csproj", "{EB051851-E969-431B-BAA5-E4D4B0A2054F}"
EndProject
Global
	GlobalSection(SolutionConfigurationPlatforms) = preSolution
		Debug|Any CPU = Debug|Any CPU
		Release|Any CPU = Release|Any CPU
	EndGlobalSection
	GlobalSection(ProjectConfigurationPlatforms) = postSolution
		{EB051851-E969-431B-BAA5-E4D4B0A2054F}.Debug|Any CPU.ActiveCfg = Debug|Any CPU
		{EB051851-E969-431B-BAA5-E4D4B0A2054F}.Debug|Any CPU.Build.0 = Debug|Any CPU
		{EB051851-E969-431B-BAA5-E4D4B0A2054F}.Release|Any CPU.ActiveCfg = Release|Any CPU
		{EB051851-E969-431B-BAA5-E4D4B0A2054F}.Release|Any CPU.Build.0 = Release|Any CPU
	EndGlobalSection
	GlobalSection(SolutionProperties) = preSolution
		HideSolutionNode = FALSE
	EndGlobalSection
	GlobalSection(ExtensibilityGlobals) = postSolution
		SolutionGuid = {4A5CB466-3390-44EB-9A94-AEFE691E4DEF}
	EndGlobalSection
EndGlobal
